// !$*UTF8*$!
{
	archiveVersion = 1;
	classes = {
	};
	objectVersion = 52;
	objects = {

/* Begin PBXBuildFile section */
		A2173414240E845A0096647A /* AppDelegate.swift in Sources */ = {isa = PBXBuildFile; fileRef = A2173413240E845A0096647A /* AppDelegate.swift */; };
		A2173416240E845A0096647A /* SceneDelegate.swift in Sources */ = {isa = PBXBuildFile; fileRef = A2173415240E845A0096647A /* SceneDelegate.swift */; };
		A2173419240E845A0096647A /* NewsFeed.xcdatamodeld in Sources */ = {isa = PBXBuildFile; fileRef = A2173417240E845A0096647A /* NewsFeed.xcdatamodeld */; };
		A217341B240E845A0096647A /* ContentView.swift in Sources */ = {isa = PBXBuildFile; fileRef = A217341A240E845A0096647A /* ContentView.swift */; };
		A217341D240E845F0096647A /* Assets.xcassets in Resources */ = {isa = PBXBuildFile; fileRef = A217341C240E845F0096647A /* Assets.xcassets */; };
		A2173420240E845F0096647A /* Preview Assets.xcassets in Resources */ = {isa = PBXBuildFile; fileRef = A217341F240E845F0096647A /* Preview Assets.xcassets */; };
		A2173423240E845F0096647A /* LaunchScreen.storyboard in Resources */ = {isa = PBXBuildFile; fileRef = A2173421240E845F0096647A /* LaunchScreen.storyboard */; };
		A217342C240E86A20096647A /* SwiftyJSON in Frameworks */ = {isa = PBXBuildFile; productRef = A217342B240E86A20096647A /* SwiftyJSON */; };
		A217342F240E882C0096647A /* SDWebImageSwiftUI in Frameworks */ = {isa = PBXBuildFile; productRef = A217342E240E882C0096647A /* SDWebImageSwiftUI */; };
		A228A79D240EB603005CEDC2 /* BottomBar-SwiftUI in Frameworks */ = {isa = PBXBuildFile; productRef = A228A79C240EB603005CEDC2 /* BottomBar-SwiftUI */; };
		A24091BA241636C900D76720 /* tabController.swift in Sources */ = {isa = PBXBuildFile; fileRef = A24091B9241636C900D76720 /* tabController.swift */; };
		A24091BC2416487100D76720 /* settings.swift in Sources */ = {isa = PBXBuildFile; fileRef = A24091BB2416487000D76720 /* settings.swift */; };
		A24091BE24164A1700D76720 /* favoriteList.swift in Sources */ = {isa = PBXBuildFile; fileRef = A24091BD24164A1700D76720 /* favoriteList.swift */; };
/* End PBXBuildFile section */

/* Begin PBXFileReference section */
		A2173410240E845A0096647A /* NewsFeed.app */ = {isa = PBXFileReference; explicitFileType = wrapper.application; includeInIndex = 0; path = NewsFeed.app; sourceTree = BUILT_PRODUCTS_DIR; };
		A2173413240E845A0096647A /* AppDelegate.swift */ = {isa = PBXFileReference; lastKnownFileType = sourcecode.swift; path = AppDelegate.swift; sourceTree = "<group>"; };
		A2173415240E845A0096647A /* SceneDelegate.swift */ = {isa = PBXFileReference; lastKnownFileType = sourcecode.swift; path = SceneDelegate.swift; sourceTree = "<group>"; };
		A2173418240E845A0096647A /* NewsFeed.xcdatamodel */ = {isa = PBXFileReference; lastKnownFileType = wrapper.xcdatamodel; path = NewsFeed.xcdatamodel; sourceTree = "<group>"; };
		A217341A240E845A0096647A /* ContentView.swift */ = {isa = PBXFileReference; lastKnownFileType = sourcecode.swift; path = ContentView.swift; sourceTree = "<group>"; };
		A217341C240E845F0096647A /* Assets.xcassets */ = {isa = PBXFileReference; lastKnownFileType = folder.assetcatalog; path = Assets.xcassets; sourceTree = "<group>"; };
		A217341F240E845F0096647A /* Preview Assets.xcassets */ = {isa = PBXFileReference; lastKnownFileType = folder.assetcatalog; path = "Preview Assets.xcassets"; sourceTree = "<group>"; };
		A2173422240E845F0096647A /* Base */ = {isa = PBXFileReference; lastKnownFileType = file.storyboard; name = Base; path = Base.lproj/LaunchScreen.storyboard; sourceTree = "<group>"; };
		A2173424240E84600096647A /* Info.plist */ = {isa = PBXFileReference; lastKnownFileType = text.plist.xml; path = Info.plist; sourceTree = "<group>"; };
		A24091B9241636C900D76720 /* tabController.swift */ = {isa = PBXFileReference; lastKnownFileType = sourcecode.swift; path = tabController.swift; sourceTree = "<group>"; };
		A24091BB2416487000D76720 /* settings.swift */ = {isa = PBXFileReference; lastKnownFileType = sourcecode.swift; path = settings.swift; sourceTree = "<group>"; };
		A24091BD24164A1700D76720 /* favoriteList.swift */ = {isa = PBXFileReference; lastKnownFileType = sourcecode.swift; path = favoriteList.swift; sourceTree = "<group>"; };
/* End PBXFileReference section */

/* Begin PBXFrameworksBuildPhase section */
		A217340D240E845A0096647A /* Frameworks */ = {
			isa = PBXFrameworksBuildPhase;
			buildActionMask = 2147483647;
			files = (
				A228A79D240EB603005CEDC2 /* BottomBar-SwiftUI in Frameworks */,
				A217342F240E882C0096647A /* SDWebImageSwiftUI in Frameworks */,
				A217342C240E86A20096647A /* SwiftyJSON in Frameworks */,
			);
			runOnlyForDeploymentPostprocessing = 0;
		};
/* End PBXFrameworksBuildPhase section */

/* Begin PBXGroup section */
		A2173407240E845A0096647A = {
			isa = PBXGroup;
			children = (
				A2173412240E845A0096647A /* NewsFeed */,
				A2173411240E845A0096647A /* Products */,
			);
			sourceTree = "<group>";
		};
		A2173411240E845A0096647A /* Products */ = {
			isa = PBXGroup;
			children = (
				A2173410240E845A0096647A /* NewsFeed.app */,
			);
			name = Products;
			sourceTree = "<group>";
		};
		A2173412240E845A0096647A /* NewsFeed */ = {
			isa = PBXGroup;
			children = (
				A2173413240E845A0096647A /* AppDelegate.swift */,
				A2173415240E845A0096647A /* SceneDelegate.swift */,
				A217341A240E845A0096647A /* ContentView.swift */,
				A24091BF24164B7D00D76720 /* Views */,
				A217341C240E845F0096647A /* Assets.xcassets */,
				A2173421240E845F0096647A /* LaunchScreen.storyboard */,
				A2173424240E84600096647A /* Info.plist */,
				A2173417240E845A0096647A /* NewsFeed.xcdatamodeld */,
				A217341E240E845F0096647A /* Preview Content */,
			);
			path = NewsFeed;
			sourceTree = "<group>";
		};
		A217341E240E845F0096647A /* Preview Content */ = {
			isa = PBXGroup;
			children = (
				A217341F240E845F0096647A /* Preview Assets.xcassets */,
			);
			path = "Preview Content";
			sourceTree = "<group>";
		};
		A24091BF24164B7D00D76720 /* Views */ = {
			isa = PBXGroup;
			children = (
				A24091BB2416487000D76720 /* settings.swift */,
				A24091BD24164A1700D76720 /* favoriteList.swift */,
				A24091B9241636C900D76720 /* tabController.swift */,
			);
			path = Views;
			sourceTree = "<group>";
		};
/* End PBXGroup section */

/* Begin PBXNativeTarget section */
		A217340F240E845A0096647A /* NewsFeed */ = {
			isa = PBXNativeTarget;
			buildConfigurationList = A2173427240E84600096647A /* Build configuration list for PBXNativeTarget "NewsFeed" */;
			buildPhases = (
				A217340C240E845A0096647A /* Sources */,
				A217340D240E845A0096647A /* Frameworks */,
				A217340E240E845A0096647A /* Resources */,
			);
			buildRules = (
			);
			dependencies = (
			);
			name = NewsFeed;
			packageProductDependencies = (
				A217342B240E86A20096647A /* SwiftyJSON */,
				A217342E240E882C0096647A /* SDWebImageSwiftUI */,
				A228A79C240EB603005CEDC2 /* BottomBar-SwiftUI */,
			);
			productName = NewsFeed;
			productReference = A2173410240E845A0096647A /* NewsFeed.app */;
			productType = "com.apple.product-type.application";
		};
/* End PBXNativeTarget section */

/* Begin PBXProject section */
		A2173408240E845A0096647A /* Project object */ = {
			isa = PBXProject;
			attributes = {
				LastSwiftUpdateCheck = 1130;
				LastUpgradeCheck = 1130;
				ORGANIZATIONNAME = "Sarowar H. Mishkat";
				TargetAttributes = {
					A217340F240E845A0096647A = {
						CreatedOnToolsVersion = 11.3;
					};
				};
			};
			buildConfigurationList = A217340B240E845A0096647A /* Build configuration list for PBXProject "NewsFeed" */;
			compatibilityVersion = "Xcode 9.3";
			developmentRegion = en;
			hasScannedForEncodings = 0;
			knownRegions = (
				en,
				Base,
			);
			mainGroup = A2173407240E845A0096647A;
			packageReferences = (
				A217342A240E86A20096647A /* XCRemoteSwiftPackageReference "SwiftyJSON" */,
				A217342D240E882C0096647A /* XCRemoteSwiftPackageReference "SDWebImageSwiftUI" */,
				A228A79B240EB603005CEDC2 /* XCRemoteSwiftPackageReference "bottombar-swiftui" */,
			);
			productRefGroup = A2173411240E845A0096647A /* Products */;
			projectDirPath = "";
			projectRoot = "";
			targets = (
				A217340F240E845A0096647A /* NewsFeed */,
			);
		};
/* End PBXProject section */

/* Begin PBXResourcesBuildPhase section */
		A217340E240E845A0096647A /* Resources */ = {
			isa = PBXResourcesBuildPhase;
			buildActionMask = 2147483647;
			files = (
				A2173423240E845F0096647A /* LaunchScreen.storyboard in Resources */,
				A2173420240E845F0096647A /* Preview Assets.xcassets in Resources */,
				A217341D240E845F0096647A /* Assets.xcassets in Resources */,
			);
			runOnlyForDeploymentPostprocessing = 0;
		};
/* End PBXResourcesBuildPhase section */

/* Begin PBXSourcesBuildPhase section */
		A217340C240E845A0096647A /* Sources */ = {
			isa = PBXSourcesBuildPhase;
			buildActionMask = 2147483647;
			files = (
				A24091BA241636C900D76720 /* tabController.swift in Sources */,
				A2173414240E845A0096647A /* AppDelegate.swift in Sources */,
				A24091BE24164A1700D76720 /* favoriteList.swift in Sources */,
				A24091BC2416487100D76720 /* settings.swift in Sources */,
				A2173419240E845A0096647A /* NewsFeed.xcdatamodeld in Sources */,
				A217341B240E845A0096647A /* ContentView.swift in Sources */,
				A2173416240E845A0096647A /* SceneDelegate.swift in Sources */,
			);
			runOnlyForDeploymentPostprocessing = 0;
		};
/* End PBXSourcesBuildPhase section */

/* Begin PBXVariantGroup section */
		A2173421240E845F0096647A /* LaunchScreen.storyboard */ = {
			isa = PBXVariantGroup;
			children = (
				A2173422240E845F0096647A /* Base */,
			);
			name = LaunchScreen.storyboard;
			sourceTree = "<group>";
		};
/* End PBXVariantGroup section */

/* Begin XCBuildConfiguration section */
		A2173425240E84600096647A /* Debug */ = {
			isa = XCBuildConfiguration;
			buildSettings = {
				ALWAYS_SEARCH_USER_PATHS = NO;
				CLANG_ANALYZER_NONNULL = YES;
				CLANG_ANALYZER_NUMBER_OBJECT_CONVERSION = YES_AGGRESSIVE;
				CLANG_CXX_LANGUAGE_STANDARD = "gnu++14";
				CLANG_CXX_LIBRARY = "libc++";
				CLANG_ENABLE_MODULES = YES;
				CLANG_ENABLE_OBJC_ARC = YES;
				CLANG_ENABLE_OBJC_WEAK = YES;
				CLANG_WARN_BLOCK_CAPTURE_AUTORELEASING = YES;
				CLANG_WARN_BOOL_CONVERSION = YES;
				CLANG_WARN_COMMA = YES;
				CLANG_WARN_CONSTANT_CONVERSION = YES;
				CLANG_WARN_DEPRECATED_OBJC_IMPLEMENTATIONS = YES;
				CLANG_WARN_DIRECT_OBJC_ISA_USAGE = YES_ERROR;
				CLANG_WARN_DOCUMENTATION_COMMENTS = YES;
				CLANG_WARN_EMPTY_BODY = YES;
				CLANG_WARN_ENUM_CONVERSION = YES;
				CLANG_WARN_INFINITE_RECURSION = YES;
				CLANG_WARN_INT_CONVERSION = YES;
				CLANG_WARN_NON_LITERAL_NULL_CONVERSION = YES;
				CLANG_WARN_OBJC_IMPLICIT_RETAIN_SELF = YES;
				CLANG_WARN_OBJC_LITERAL_CONVERSION = YES;
				CLANG_WARN_OBJC_ROOT_CLASS = YES_ERROR;
				CLANG_WARN_RANGE_LOOP_ANALYSIS = YES;
				CLANG_WARN_STRICT_PROTOTYPES = YES;
				CLANG_WARN_SUSPICIOUS_MOVE = YES;
				CLANG_WARN_UNGUARDED_AVAILABILITY = YES_AGGRESSIVE;
				CLANG_WARN_UNREACHABLE_CODE = YES;
				CLANG_WARN__DUPLICATE_METHOD_MATCH = YES;
				COPY_PHASE_STRIP = NO;
				DEBUG_INFORMATION_FORMAT = dwarf;
				ENABLE_STRICT_OBJC_MSGSEND = YES;
				ENABLE_TESTABILITY = YES;
				GCC_C_LANGUAGE_STANDARD = gnu11;
				GCC_DYNAMIC_NO_PIC = NO;
				GCC_NO_COMMON_BLOCKS = YES;
				GCC_OPTIMIZATION_LEVEL = 0;
				GCC_PREPROCESSOR_DEFINITIONS = (
					"DEBUG=1",
					"$(inherited)",
				);
				GCC_WARN_64_TO_32_BIT_CONVERSION = YES;
				GCC_WARN_ABOUT_RETURN_TYPE = YES_ERROR;
				GCC_WARN_UNDECLARED_SELECTOR = YES;
				GCC_WARN_UNINITIALIZED_AUTOS = YES_AGGRESSIVE;
				GCC_WARN_UNUSED_FUNCTION = YES;
				GCC_WARN_UNUSED_VARIABLE = YES;
				IPHONEOS_DEPLOYMENT_TARGET = 13.2;
				MTL_ENABLE_DEBUG_INFO = INCLUDE_SOURCE;
				MTL_FAST_MATH = YES;
				ONLY_ACTIVE_ARCH = YES;
				SDKROOT = iphoneos;
				SWIFT_ACTIVE_COMPILATION_CONDITIONS = DEBUG;
				SWIFT_OPTIMIZATION_LEVEL = "-Onone";
			};
			name = Debug;
		};
		A2173426240E84600096647A /* Release */ = {
			isa = XCBuildConfiguration;
			buildSettings = {
				ALWAYS_SEARCH_USER_PATHS = NO;
				CLANG_ANALYZER_NONNULL = YES;
				CLANG_ANALYZER_NUMBER_OBJECT_CONVERSION = YES_AGGRESSIVE;
				CLANG_CXX_LANGUAGE_STANDARD = "gnu++14";
				CLANG_CXX_LIBRARY = "libc++";
				CLANG_ENABLE_MODULES = YES;
				CLANG_ENABLE_OBJC_ARC = YES;
				CLANG_ENABLE_OBJC_WEAK = YES;
				CLANG_WARN_BLOCK_CAPTURE_AUTORELEASING = YES;
				CLANG_WARN_BOOL_CONVERSION = YES;
				CLANG_WARN_COMMA = YES;
				CLANG_WARN_CONSTANT_CONVERSION = YES;
				CLANG_WARN_DEPRECATED_OBJC_IMPLEMENTATIONS = YES;
				CLANG_WARN_DIRECT_OBJC_ISA_USAGE = YES_ERROR;
				CLANG_WARN_DOCUMENTATION_COMMENTS = YES;
				CLANG_WARN_EMPTY_BODY = YES;
				CLANG_WARN_ENUM_CONVERSION = YES;
				CLANG_WARN_INFINITE_RECURSION = YES;
				CLANG_WARN_INT_CONVERSION = YES;
				CLANG_WARN_NON_LITERAL_NULL_CONVERSION = YES;
				CLANG_WARN_OBJC_IMPLICIT_RETAIN_SELF = YES;
				CLANG_WARN_OBJC_LITERAL_CONVERSION = YES;
				CLANG_WARN_OBJC_ROOT_CLASS = YES_ERROR;
				CLANG_WARN_RANGE_LOOP_ANALYSIS = YES;
				CLANG_WARN_STRICT_PROTOTYPES = YES;
				CLANG_WARN_SUSPICIOUS_MOVE = YES;
				CLANG_WARN_UNGUARDED_AVAILABILITY = YES_AGGRESSIVE;
				CLANG_WARN_UNREACHABLE_CODE = YES;
				CLANG_WARN__DUPLICATE_METHOD_MATCH = YES;
				COPY_PHASE_STRIP = NO;
				DEBUG_INFORMATION_FORMAT = "dwarf-with-dsym";
				ENABLE_NS_ASSERTIONS = NO;
				ENABLE_STRICT_OBJC_MSGSEND = YES;
				GCC_C_LANGUAGE_STANDARD = gnu11;
				GCC_NO_COMMON_BLOCKS = YES;
				GCC_WARN_64_TO_32_BIT_CONVERSION = YES;
				GCC_WARN_ABOUT_RETURN_TYPE = YES_ERROR;
				GCC_WARN_UNDECLARED_SELECTOR = YES;
				GCC_WARN_UNINITIALIZED_AUTOS = YES_AGGRESSIVE;
				GCC_WARN_UNUSED_FUNCTION = YES;
				GCC_WARN_UNUSED_VARIABLE = YES;
				IPHONEOS_DEPLOYMENT_TARGET = 13.2;
				MTL_ENABLE_DEBUG_INFO = NO;
				MTL_FAST_MATH = YES;
				SDKROOT = iphoneos;
				SWIFT_COMPILATION_MODE = wholemodule;
				SWIFT_OPTIMIZATION_LEVEL = "-O";
				VALIDATE_PRODUCT = YES;
			};
			name = Release;
		};
		A2173428240E84600096647A /* Debug */ = {
			isa = XCBuildConfiguration;
			buildSettings = {
				ASSETCATALOG_COMPILER_APPICON_NAME = AppIcon;
				CODE_SIGN_STYLE = Automatic;
				DEVELOPMENT_ASSET_PATHS = "\"NewsFeed/Preview Content\"";
				ENABLE_PREVIEWS = YES;
				INFOPLIST_FILE = NewsFeed/Info.plist;
				LD_RUNPATH_SEARCH_PATHS = (
					"$(inherited)",
					"@executable_path/Frameworks",
				);
				PRODUCT_BUNDLE_IDENTIFIER = me.shmishkat.NewsFeed;
				PRODUCT_NAME = "$(TARGET_NAME)";
				SWIFT_VERSION = 5.0;
				TARGETED_DEVICE_FAMILY = "1,2";
			};
			name = Debug;
		};
		A2173429240E84600096647A /* Release */ = {
			isa = XCBuildConfiguration;
			buildSettings = {
				ASSETCATALOG_COMPILER_APPICON_NAME = AppIcon;
				CODE_SIGN_STYLE = Automatic;
				DEVELOPMENT_ASSET_PATHS = "\"NewsFeed/Preview Content\"";
				ENABLE_PREVIEWS = YES;
				INFOPLIST_FILE = NewsFeed/Info.plist;
				LD_RUNPATH_SEARCH_PATHS = (
					"$(inherited)",
					"@executable_path/Frameworks",
				);
				PRODUCT_BUNDLE_IDENTIFIER = me.shmishkat.NewsFeed;
				PRODUCT_NAME = "$(TARGET_NAME)";
				SWIFT_VERSION = 5.0;
				TARGETED_DEVICE_FAMILY = "1,2";
			};
			name = Release;
		};
/* End XCBuildConfiguration section */

/* Begin XCConfigurationList section */
		A217340B240E845A0096647A /* Build configuration list for PBXProject "NewsFeed" */ = {
			isa = XCConfigurationList;
			buildConfigurations = (
				A2173425240E84600096647A /* Debug */,
				A2173426240E84600096647A /* Release */,
			);
			defaultConfigurationIsVisible = 0;
			defaultConfigurationName = Release;
		};
		A2173427240E84600096647A /* Build configuration list for PBXNativeTarget "NewsFeed" */ = {
			isa = XCConfigurationList;
			buildConfigurations = (
				A2173428240E84600096647A /* Debug */,
				A2173429240E84600096647A /* Release */,
			);
			defaultConfigurationIsVisible = 0;
			defaultConfigurationName = Release;
		};
/* End XCConfigurationList section */

/* Begin XCRemoteSwiftPackageReference section */
		A217342A240E86A20096647A /* XCRemoteSwiftPackageReference "SwiftyJSON" */ = {
			isa = XCRemoteSwiftPackageReference;
			repositoryURL = "https://github.com/SwiftyJSON/SwiftyJSON.git";
			requirement = {
				kind = upToNextMajorVersion;
				minimumVersion = 5.0.0;
			};
		};
		A217342D240E882C0096647A /* XCRemoteSwiftPackageReference "SDWebImageSwiftUI" */ = {
			isa = XCRemoteSwiftPackageReference;
			repositoryURL = "https://github.com/SDWebImage/SDWebImageSwiftUI.git";
			requirement = {
				kind = upToNextMajorVersion;
				minimumVersion = 0.10.3;
			};
		};
		A228A79B240EB603005CEDC2 /* XCRemoteSwiftPackageReference "bottombar-swiftui" */ = {
			isa = XCRemoteSwiftPackageReference;
			repositoryURL = "https://github.com/smartvipere75/bottombar-swiftui.git";
			requirement = {
				branch = master;
				kind = branch;
			};
		};
/* End XCRemoteSwiftPackageReference section */

/* Begin XCSwiftPackageProductDependency section */
		A217342B240E86A20096647A /* SwiftyJSON */ = {
			isa = XCSwiftPackageProductDependency;
			package = A217342A240E86A20096647A /* XCRemoteSwiftPackageReference "SwiftyJSON" */;
			productName = SwiftyJSON;
		};
		A217342E240E882C0096647A /* SDWebImageSwiftUI */ = {
			isa = XCSwiftPackageProductDependency;
			package = A217342D240E882C0096647A /* XCRemoteSwiftPackageReference "SDWebImageSwiftUI" */;
			productName = SDWebImageSwiftUI;
		};
		A228A79C240EB603005CEDC2 /* BottomBar-SwiftUI */ = {
			isa = XCSwiftPackageProductDependency;
			package = A228A79B240EB603005CEDC2 /* XCRemoteSwiftPackageReference "bottombar-swiftui" */;
			productName = "BottomBar-SwiftUI";
		};
/* End XCSwiftPackageProductDependency section */

/* Begin XCVersionGroup section */
		A2173417240E845A0096647A /* NewsFeed.xcdatamodeld */ = {
			isa = XCVersionGroup;
			children = (
				A2173418240E845A0096647A /* NewsFeed.xcdatamodel */,
			);
			currentVersion = A2173418240E845A0096647A /* NewsFeed.xcdatamodel */;
			path = NewsFeed.xcdatamodeld;
			sourceTree = "<group>";
			versionGroupType = wrapper.xcdatamodel;
		};
/* End XCVersionGroup section */
	};
	rootObject = A2173408240E845A0096647A /* Project object */;
}
